// !$*UTF8*$!
{
	archiveVersion = 1;
	classes = {
	};
	objectVersion = 46;
	objects = {

/* Begin PBXBuildFile section */
		01C5B53815835AEC001607BC /* Cocoa.framework in Frameworks */ = {isa = PBXBuildFile; fileRef = 01C5B53715835AEC001607BC /* Cocoa.framework */; };
		01C5B54215835AEC001607BC /* InfoPlist.strings in Resources */ = {isa = PBXBuildFile; fileRef = 01C5B54015835AEC001607BC /* InfoPlist.strings */; };
		01C5B54415835AEC001607BC /* main.m in Sources */ = {isa = PBXBuildFile; fileRef = 01C5B54315835AEC001607BC /* main.m */; };
		01C5B54815835AEC001607BC /* Credits.rtf in Resources */ = {isa = PBXBuildFile; fileRef = 01C5B54615835AEC001607BC /* Credits.rtf */; };
		01C5B54B15835AEC001607BC /* AppDelegate.m in Sources */ = {isa = PBXBuildFile; fileRef = 01C5B54A15835AEC001607BC /* AppDelegate.m */; };
		01C5B54E15835AED001607BC /* MainMenu.xib in Resources */ = {isa = PBXBuildFile; fileRef = 01C5B54C15835AED001607BC /* MainMenu.xib */; };
/* End PBXBuildFile section */

/* Begin PBXFileReference section */
		01C5B53315835AEC001607BC /* FileSuffixesTest.app */ = {isa = PBXFileReference; explicitFileType = wrapper.application; includeInIndex = 0; path = FileSuffixesTest.app; sourceTree = BUILT_PRODUCTS_DIR; };
		01C5B53715835AEC001607BC /* Cocoa.framework */ = {isa = PBXFileReference; lastKnownFileType = wrapper.framework; name = Cocoa.framework; path = System/Library/Frameworks/Cocoa.framework; sourceTree = SDKROOT; };
		01C5B53A15835AEC001607BC /* AppKit.framework */ = {isa = PBXFileReference; lastKnownFileType = wrapper.framework; name = AppKit.framework; path = System/Library/Frameworks/AppKit.framework; sourceTree = SDKROOT; };
		01C5B53B15835AEC001607BC /* CoreData.framework */ = {isa = PBXFileReference; lastKnownFileType = wrapper.framework; name = CoreData.framework; path = System/Library/Frameworks/CoreData.framework; sourceTree = SDKROOT; };
		01C5B53C15835AEC001607BC /* Foundation.framework */ = {isa = PBXFileReference; lastKnownFileType = wrapper.framework; name = Foundation.framework; path = System/Library/Frameworks/Foundation.framework; sourceTree = SDKROOT; };
		01C5B53F15835AEC001607BC /* FileSuffixesTest-Info.plist */ = {isa = PBXFileReference; lastKnownFileType = text.plist.xml; path = "FileSuffixesTest-Info.plist"; sourceTree = "<group>"; };
		01C5B54115835AEC001607BC /* en */ = {isa = PBXFileReference; lastKnownFileType = text.plist.strings; name = en; path = en.lproj/InfoPlist.strings; sourceTree = "<group>"; };
		01C5B54315835AEC001607BC /* main.m */ = {isa = PBXFileReference; lastKnownFileType = sourcecode.c.objc; path = main.m; sourceTree = "<group>"; };
		01C5B54515835AEC001607BC /* FileSuffixesTest-Prefix.pch */ = {isa = PBXFileReference; lastKnownFileType = sourcecode.c.h; path = "FileSuffixesTest-Prefix.pch"; sourceTree = "<group>"; };
		01C5B54715835AEC001607BC /* en */ = {isa = PBXFileReference; lastKnownFileType = text.rtf; name = en; path = en.lproj/Credits.rtf; sourceTree = "<group>"; };
		01C5B54915835AEC001607BC /* AppDelegate.h */ = {isa = PBXFileReference; lastKnownFileType = sourcecode.c.h; path = AppDelegate.h; sourceTree = "<group>"; };
		01C5B54A15835AEC001607BC /* AppDelegate.m */ = {isa = PBXFileReference; lastKnownFileType = sourcecode.c.objc; path = AppDelegate.m; sourceTree = "<group>"; };
		01C5B54D15835AED001607BC /* en */ = {isa = PBXFileReference; lastKnownFileType = file.xib; name = en; path = en.lproj/MainMenu.xib; sourceTree = "<group>"; };
/* End PBXFileReference section */

/* Begin PBXFrameworksBuildPhase section */
		01C5B53015835AEC001607BC /* Frameworks */ = {
			isa = PBXFrameworksBuildPhase;
			buildActionMask = 2147483647;
			files = (
				01C5B53815835AEC001607BC /* Cocoa.framework in Frameworks */,
			);
			runOnlyForDeploymentPostprocessing = 0;
		};
/* End PBXFrameworksBuildPhase section */

/* Begin PBXGroup section */
		01C5B52815835AEC001607BC = {
			isa = PBXGroup;
			children = (
				01C5B53D15835AEC001607BC /* FileSuffixesTest */,
				01C5B53615835AEC001607BC /* Frameworks */,
				01C5B53415835AEC001607BC /* Products */,
			);
			sourceTree = "<group>";
		};
		01C5B53415835AEC001607BC /* Products */ = {
			isa = PBXGroup;
			children = (
				01C5B53315835AEC001607BC /* FileSuffixesTest.app */,
			);
			name = Products;
			sourceTree = "<group>";
		};
		01C5B53615835AEC001607BC /* Frameworks */ = {
			isa = PBXGroup;
			children = (
				01C5B53715835AEC001607BC /* Cocoa.framework */,
				01C5B53915835AEC001607BC /* Other Frameworks */,
			);
			name = Frameworks;
			sourceTree = "<group>";
		};
		01C5B53915835AEC001607BC /* Other Frameworks */ = {
			isa = PBXGroup;
			children = (
				01C5B53A15835AEC001607BC /* AppKit.framework */,
				01C5B53B15835AEC001607BC /* CoreData.framework */,
				01C5B53C15835AEC001607BC /* Foundation.framework */,
			);
			name = "Other Frameworks";
			sourceTree = "<group>";
		};
		01C5B53D15835AEC001607BC /* FileSuffixesTest */ = {
			isa = PBXGroup;
			children = (
				01C5B54915835AEC001607BC /* AppDelegate.h */,
				01C5B54A15835AEC001607BC /* AppDelegate.m */,
				01C5B54C15835AED001607BC /* MainMenu.xib */,
				01C5B53E15835AEC001607BC /* Supporting Files */,
			);
			path = FileSuffixesTest;
			sourceTree = "<group>";
		};
		01C5B53E15835AEC001607BC /* Supporting Files */ = {
			isa = PBXGroup;
			children = (
				01C5B53F15835AEC001607BC /* FileSuffixesTest-Info.plist */,
				01C5B54015835AEC001607BC /* InfoPlist.strings */,
				01C5B54315835AEC001607BC /* main.m */,
				01C5B54515835AEC001607BC /* FileSuffixesTest-Prefix.pch */,
				01C5B54615835AEC001607BC /* Credits.rtf */,
			);
			name = "Supporting Files";
			sourceTree = "<group>";
		};
/* End PBXGroup section */

/* Begin PBXNativeTarget section */
		01C5B53215835AEC001607BC /* FileSuffixesTest */ = {
			isa = PBXNativeTarget;
			buildConfigurationList = 01C5B55115835AED001607BC /* Build configuration list for PBXNativeTarget "FileSuffixesTest" */;
			buildPhases = (
				01C5B52F15835AEC001607BC /* Sources */,
				01C5B53015835AEC001607BC /* Frameworks */,
				01C5B53115835AEC001607BC /* Resources */,
			);
			buildRules = (
			);
			dependencies = (
			);
			name = FileSuffixesTest;
			productName = FileSuffixesTest;
			productReference = 01C5B53315835AEC001607BC /* FileSuffixesTest.app */;
			productType = "com.apple.product-type.application";
		};
/* End PBXNativeTarget section */

/* Begin PBXProject section */
		01C5B52A15835AEC001607BC /* Project object */ = {
			isa = PBXProject;
			attributes = {
				LastUpgradeCheck = 0440;
				ORGANIZATIONNAME = "Charcoal Design";
			};
			buildConfigurationList = 01C5B52D15835AEC001607BC /* Build configuration list for PBXProject "FileSuffixesTest" */;
			compatibilityVersion = "Xcode 3.2";
			developmentRegion = English;
			hasScannedForEncodings = 0;
			knownRegions = (
				en,
			);
			mainGroup = 01C5B52815835AEC001607BC;
			productRefGroup = 01C5B53415835AEC001607BC /* Products */;
			projectDirPath = "";
			projectRoot = "";
			targets = (
				01C5B53215835AEC001607BC /* FileSuffixesTest */,
			);
		};
/* End PBXProject section */

/* Begin PBXResourcesBuildPhase section */
		01C5B53115835AEC001607BC /* Resources */ = {
			isa = PBXResourcesBuildPhase;
			buildActionMask = 2147483647;
			files = (
				01C5B54215835AEC001607BC /* InfoPlist.strings in Resources */,
				01C5B54815835AEC001607BC /* Credits.rtf in Resources */,
				01C5B54E15835AED001607BC /* MainMenu.xib in Resources */,
			);
			runOnlyForDeploymentPostprocessing = 0;
		};
/* End PBXResourcesBuildPhase section */

/* Begin PBXSourcesBuildPhase section */
		01C5B52F15835AEC001607BC /* Sources */ = {
			isa = PBXSourcesBuildPhase;
			buildActionMask = 2147483647;
			files = (
				01C5B54415835AEC001607BC /* main.m in Sources */,
				01C5B54B15835AEC001607BC /* AppDelegate.m in Sources */,
			);
			runOnlyForDeploymentPostprocessing = 0;
		};
/* End PBXSourcesBuildPhase section */

/* Begin PBXVariantGroup section */
		01C5B54015835AEC001607BC /* InfoPlist.strings */ = {
			isa = PBXVariantGroup;
			children = (
				01C5B54115835AEC001607BC /* en */,
			);
			name = InfoPlist.strings;
			sourceTree = "<group>";
		};
		01C5B54615835AEC001607BC /* Credits.rtf */ = {
			isa = PBXVariantGroup;
			children = (
				01C5B54715835AEC001607BC /* en */,
			);
			name = Credits.rtf;
			sourceTree = "<group>";
		};
		01C5B54C15835AED001607BC /* MainMenu.xib */ = {
			isa = PBXVariantGroup;
			children = (
				01C5B54D15835AED001607BC /* en */,
			);
			name = MainMenu.xib;
			sourceTree = "<group>";
		};
/* End PBXVariantGroup section */

/* Begin XCBuildConfiguration section */
		01C5B54F15835AED001607BC /* Debug */ = {
			isa = XCBuildConfiguration;
			buildSettings = {
				ALWAYS_SEARCH_USER_PATHS = NO;
				ARCHS = "$(ARCHS_STANDARD_64_BIT)";
				CLANG_ENABLE_OBJC_ARC = YES;
				CLANG_WARN__DUPLICATE_METHOD_MATCH = YES;
				COMBINE_HIDPI_IMAGES = YES;
				COPY_PHASE_STRIP = NO;
				GCC_C_LANGUAGE_STANDARD = gnu99;
				GCC_DYNAMIC_NO_PIC = NO;
				GCC_ENABLE_OBJC_EXCEPTIONS = YES;
				GCC_OPTIMIZATION_LEVEL = 0;
				GCC_PREPROCESSOR_DEFINITIONS = (
					"DEBUG=1",
					"$(inherited)",
				);
				GCC_SYMBOLS_PRIVATE_EXTERN = NO;
				GCC_VERSION = com.apple.compilers.llvm.clang.1_0;
				GCC_WARN_64_TO_32_BIT_CONVERSION = YES;
				GCC_WARN_ABOUT_RETURN_TYPE = YES;
				GCC_WARN_UNINITIALIZED_AUTOS = YES;
				GCC_WARN_UNUSED_VARIABLE = YES;
				MACOSX_DEPLOYMENT_TARGET = 10.8;
				ONLY_ACTIVE_ARCH = YES;
				SDKROOT = macosx;
			};
			name = Debug;
		};
		01C5B55015835AED001607BC /* Release */ = {
			isa = XCBuildConfiguration;
			buildSettings = {
				ALWAYS_SEARCH_USER_PATHS = NO;
				ARCHS = "$(ARCHS_STANDARD_64_BIT)";
				CLANG_ENABLE_OBJC_ARC = YES;
				CLANG_WARN__DUPLICATE_METHOD_MATCH = YES;
				COMBINE_HIDPI_IMAGES = YES;
				COPY_PHASE_STRIP = YES;
				DEBUG_INFORMATION_FORMAT = "dwarf-with-dsym";
				GCC_C_LANGUAGE_STANDARD = gnu99;
				GCC_ENABLE_OBJC_EXCEPTIONS = YES;
				GCC_VERSION = com.apple.compilers.llvm.clang.1_0;
				GCC_WARN_64_TO_32_BIT_CONVERSION = YES;
				GCC_WARN_ABOUT_RETURN_TYPE = YES;
				GCC_WARN_UNINITIALIZED_AUTOS = YES;
				GCC_WARN_UNUSED_VARIABLE = YES;
				MACOSX_DEPLOYMENT_TARGET = 10.8;
				SDKROOT = macosx;
			};
			name = Release;
		};
		01C5B55215835AED001607BC /* Debug */ = {
			isa = XCBuildConfiguration;
			buildSettings = {
				GCC_PRECOMPILE_PREFIX_HEADER = YES;
				GCC_PREFIX_HEADER = "FileSuffixesTest/FileSuffixesTest-Prefix.pch";
				INFOPLIST_FILE = "FileSuffixesTest/FileSuffixesTest-Info.plist";
				PRODUCT_NAME = "$(TARGET_NAME)";
				WRAPPER_EXTENSION = app;
			};
			name = Debug;
		};
		01C5B55315835AED001607BC /* Release */ = {
			isa = XCBuildConfiguration;
			buildSettings = {
				GCC_PRECOMPILE_PREFIX_HEADER = YES;
				GCC_PREFIX_HEADER = "FileSuffixesTest/FileSuffixesTest-Prefix.pch";
				INFOPLIST_FILE = "FileSuffixesTest/FileSuffixesTest-Info.plist";
				PRODUCT_NAME = "$(TARGET_NAME)";
				WRAPPER_EXTENSION = app;
			};
			name = Release;
		};
/* End XCBuildConfiguration section */

/* Begin XCConfigurationList section */
		01C5B52D15835AEC001607BC /* Build configuration list for PBXProject "FileSuffixesTest" */ = {
			isa = XCConfigurationList;
			buildConfigurations = (
				01C5B54F15835AED001607BC /* Debug */,
				01C5B55015835AED001607BC /* Release */,
			);
			defaultConfigurationIsVisible = 0;
			defaultConfigurationName = Release;
		};
		01C5B55115835AED001607BC /* Build configuration list for PBXNativeTarget "FileSuffixesTest" */ = {
			isa = XCConfigurationList;
			buildConfigurations = (
				01C5B55215835AED001607BC /* Debug */,
				01C5B55315835AED001607BC /* Release */,
			);
			defaultConfigurationIsVisible = 0;
		};
/* End XCConfigurationList section */
	};
	rootObject = 01C5B52A15835AEC001607BC /* Project object */;
}
